
Microsoft Visual Studio Solution File, Format Version 12.00
# Visual Studio Version 17
VisualStudioVersion = 17.10.35013.160
MinimumVisualStudioVersion = 10.0.40219.1
Project("{FAE04EC0-301F-11D3-BF4B-00C04F79EFBC}") = "RepositryParttrnWithSql", "RepositryParttrnWithSql\RepositryParttrnWithSql.csproj", "{D251432C-9AFB-4100-9899-5E6987DADE06}"
EndProject
Global
	GlobalSection(SolutionConfigurationPlatforms) = preSolution
		Debug|Any CPU = Debug|Any CPU
		Release|Any CPU = Release|Any CPU
	EndGlobalSection
	GlobalSection(ProjectConfigurationPlatforms) = postSolution
		{D251432C-9AFB-4100-9899-5E6987DADE06}.Debug|Any CPU.ActiveCfg = Debug|Any CPU
		{D251432C-9AFB-4100-9899-5E6987DADE06}.Debug|Any CPU.Build.0 = Debug|Any CPU
		{D251432C-9AFB-4100-9899-5E6987DADE06}.Release|Any CPU.ActiveCfg = Release|Any CPU
		{D251432C-9AFB-4100-9899-5E6987DADE06}.Release|Any CPU.Build.0 = Release|Any CPU
	EndGlobalSection
	GlobalSection(SolutionProperties) = preSolution
		HideSolutionNode = FALSE
	EndGlobalSection
	GlobalSection(ExtensibilityGlobals) = postSolution
		SolutionGuid = {1D3AF33C-61D8-4991-8E34-19B03DCE0485}
	EndGlobalSection
EndGlobal
